
Microsoft Visual Studio Solution File, Format Version 12.00
# Visual Studio Version 17
VisualStudioVersion = 17.9.34728.123
MinimumVisualStudioVersion = 10.0.40219.1
Project("{9A19103F-16F7-4668-BE54-9A1E7A4F7556}") = "MvcMovie", "MvcMovie\MvcMovie.csproj", "{A505CE11-139A-483D-9413-6D0B16FAF7C5}"
EndProject
Project("{FAE04EC0-301F-11D3-BF4B-00C04F79EFBC}") = "CleanMvcMovie.Domain", "CleanMvcMovie.Domain\CleanMvcMovie.Domain.csproj", "{F439512F-4910-491C-A247-078D43934667}"
EndProject
Project("{FAE04EC0-301F-11D3-BF4B-00C04F79EFBC}") = "CleanMvcMovie.Application", "CleanMvcMovie.Application\CleanMvcMovie.Application.csproj", "{18F299F7-06E1-47D0-807B-2E2C79BAC0BB}"
EndProject
Global
	GlobalSection(SolutionConfigurationPlatforms) = preSolution
		Debug|Any CPU = Debug|Any CPU
		Release|Any CPU = Release|Any CPU
	EndGlobalSection
	GlobalSection(ProjectConfigurationPlatforms) = postSolution
		{A505CE11-139A-483D-9413-6D0B16FAF7C5}.Debug|Any CPU.ActiveCfg = Debug|Any CPU
		{A505CE11-139A-483D-9413-6D0B16FAF7C5}.Debug|Any CPU.Build.0 = Debug|Any CPU
		{A505CE11-139A-483D-9413-6D0B16FAF7C5}.Release|Any CPU.ActiveCfg = Release|Any CPU
		{A505CE11-139A-483D-9413-6D0B16FAF7C5}.Release|Any CPU.Build.0 = Release|Any CPU
		{F439512F-4910-491C-A247-078D43934667}.Debug|Any CPU.ActiveCfg = Debug|Any CPU
		{F439512F-4910-491C-A247-078D43934667}.Debug|Any CPU.Build.0 = Debug|Any CPU
		{F439512F-4910-491C-A247-078D43934667}.Release|Any CPU.ActiveCfg = Release|Any CPU
		{F439512F-4910-491C-A247-078D43934667}.Release|Any CPU.Build.0 = Release|Any CPU
		{18F299F7-06E1-47D0-807B-2E2C79BAC0BB}.Debug|Any CPU.ActiveCfg = Debug|Any CPU
		{18F299F7-06E1-47D0-807B-2E2C79BAC0BB}.Debug|Any CPU.Build.0 = Debug|Any CPU
		{18F299F7-06E1-47D0-807B-2E2C79BAC0BB}.Release|Any CPU.ActiveCfg = Release|Any CPU
		{18F299F7-06E1-47D0-807B-2E2C79BAC0BB}.Release|Any CPU.Build.0 = Release|Any CPU
	EndGlobalSection
	GlobalSection(SolutionProperties) = preSolution
		HideSolutionNode = FALSE
	EndGlobalSection
	GlobalSection(ExtensibilityGlobals) = postSolution
		SolutionGuid = {06201A66-70F0-4B43-9B98-BF7CD5E02287}
	EndGlobalSection
EndGlobal
